
Microsoft Visual Studio Solution File, Format Version 12.00
# Visual Studio Version 17
VisualStudioVersion = 17.3.32922.545
MinimumVisualStudioVersion = 10.0.40219.1
Project("{FAE04EC0-301F-11D3-BF4B-00C04F79EFBC}") = "ProjectAMa", "ProjectAMa.csproj", "{41AE8508-D6E1-4DCE-9730-33D2CB49AA83}"
EndProject
Global
	GlobalSection(SolutionConfigurationPlatforms) = preSolution
		Debug|Any CPU = Debug|Any CPU
		Release|Any CPU = Release|Any CPU
	EndGlobalSection
	GlobalSection(ProjectConfigurationPlatforms) = postSolution
		{41AE8508-D6E1-4DCE-9730-33D2CB49AA83}.Debug|Any CPU.ActiveCfg = Debug|Any CPU
		{41AE8508-D6E1-4DCE-9730-33D2CB49AA83}.Debug|Any CPU.Build.0 = Debug|Any CPU
		{41AE8508-D6E1-4DCE-9730-33D2CB49AA83}.Release|Any CPU.ActiveCfg = Release|Any CPU
		{41AE8508-D6E1-4DCE-9730-33D2CB49AA83}.Release|Any CPU.Build.0 = Release|Any CPU
	EndGlobalSection
	GlobalSection(SolutionProperties) = preSolution
		HideSolutionNode = FALSE
	EndGlobalSection
	GlobalSection(ExtensibilityGlobals) = postSolution
		SolutionGuid = {E959A53C-D1A2-4CEA-993A-22CDCDD57480}
	EndGlobalSection
EndGlobal
